// !$*UTF8*$!
{
 archiveVersion = 1;
 classes = {};
 objectVersion = 56;
 objects = {
 A00000000000000000000001 = {isa = PBXProject; attributes = {LastUpgradeCheck = 1600;}; buildConfigurationList = A00000000000000000000002; compatibilityVersion = "Xcode 14.0"; developmentRegion = fr; hasScannedForEncodings = 0; knownRegions = (fr, en, Base); mainGroup = A00000000000000000000003; productRefGroup = A00000000000000000000004; projectDirPath = ""; projectRoot = ""; targets = (A00000000000000000000005);};
 A00000000000000000000002 = {isa = XCConfigurationList; buildConfigurations = (A00000000000000000000006, A00000000000000000000007); defaultConfigurationIsVisible = 0; defaultConfigurationName = Release;};
 A00000000000000000000003 = {isa = PBXGroup; children = (A00000000000000000000008, A00000000000000000000004); sourceTree = "<group>";};
 A00000000000000000000004 = {isa = PBXGroup; children = (A00000000000000000000009); name = Products; sourceTree = "<group>";};
 A00000000000000000000005 = {isa = PBXNativeTarget; buildConfigurationList = A0000000000000000000000A; buildPhases = (A0000000000000000000000B, A0000000000000000000000C, A0000000000000000000000D); buildRules = (); dependencies = (); name = Brumes; productName = Brumes; productReference = A00000000000000000000009; productType = "com.apple.product-type.application";};
 A00000000000000000000006 = {isa = XCBuildConfiguration; buildSettings = {CLANG_ENABLE_MODULES = YES; SDKROOT = iphoneos; IPHONEOS_DEPLOYMENT_TARGET = 16.0;}; name = Debug;};
 A00000000000000000000007 = {isa = XCBuildConfiguration; buildSettings = {CLANG_ENABLE_MODULES = YES; SDKROOT = iphoneos; IPHONEOS_DEPLOYMENT_TARGET = 16.0;}; name = Release;};
 A00000000000000000000008 = {isa = PBXGroup; children = (A0000000000000000000000E, A0000000000000000000000F, A00000000000000000000010); path = Brumes; sourceTree = "<group>";};
 A00000000000000000000009 = {isa = PBXFileReference; explicitFileType = wrapper.application; includeInIndex = 0; path = Brumes.app; sourceTree = BUILT_PRODUCTS_DIR;};
 A0000000000000000000000A = {isa = XCConfigurationList; buildConfigurations = (A00000000000000000000011, A00000000000000000000012); defaultConfigurationIsVisible = 0; defaultConfigurationName = Release;};
 A0000000000000000000000B = {isa = PBXSourcesBuildPhase; buildActionMask = 2147483647; files = (A00000000000000000000013); runOnlyForDeploymentPostprocessing = 0;};
 A0000000000000000000000C = {isa = PBXFrameworksBuildPhase; buildActionMask = 2147483647; files = (); runOnlyForDeploymentPostprocessing = 0;};
 A0000000000000000000000D = {isa = PBXResourcesBuildPhase; buildActionMask = 2147483647; files = (A00000000000000000000014); runOnlyForDeploymentPostprocessing = 0;};
 A0000000000000000000000E = {isa = PBXFileReference; lastKnownFileType = sourcecode.swift; path = Game.swift; sourceTree = "<group>";};
 A0000000000000000000000F = {isa = PBXFileReference; lastKnownFileType = text.plist.xml; path = Info.plist; sourceTree = "<group>";};
 A00000000000000000000010 = {isa = PBXFileReference; lastKnownFileType = text.xml; path = PrivacyInfo.xcprivacy; sourceTree = "<group>";};
 A00000000000000000000011 = {isa = XCBuildConfiguration; buildSettings = {CODE_SIGN_STYLE = Automatic; CURRENT_PROJECT_VERSION = 1; GENERATE_INFOPLIST_FILE = NO; INFOPLIST_FILE = Brumes/Info.plist; MARKETING_VERSION = 0.1.0; PRODUCT_BUNDLE_IDENTIFIER = com.mumu.brumes; PRODUCT_NAME = "$(TARGET_NAME)"; SWIFT_VERSION = 5.0; SWIFT_OPTIMIZATION_LEVEL = "-Onone"; TARGETED_DEVICE_FAMILY = 1;}; name = Debug;};
 A00000000000000000000012 = {isa = XCBuildConfiguration; buildSettings = {CODE_SIGN_STYLE = Automatic; CURRENT_PROJECT_VERSION = 1; GENERATE_INFOPLIST_FILE = NO; INFOPLIST_FILE = Brumes/Info.plist; MARKETING_VERSION = 0.1.0; PRODUCT_BUNDLE_IDENTIFIER = com.mumu.brumes; PRODUCT_NAME = "$(TARGET_NAME)"; SWIFT_VERSION = 5.0; SWIFT_OPTIMIZATION_LEVEL = "-O"; SWIFT_COMPILATION_MODE = wholemodule; TARGETED_DEVICE_FAMILY = 1;}; name = Release;};
 A00000000000000000000013 = {isa = PBXBuildFile; fileRef = A0000000000000000000000E;};
 A00000000000000000000014 = {isa = PBXBuildFile; fileRef = A00000000000000000000010;};
 };
 rootObject = A00000000000000000000001;
}
